// !$*UTF8*$!
{
	archiveVersion = 1;
	classes = {
	};
	objectVersion = 50;
	objects = {

/* Begin PBXBuildFile section */
		C08724532426AD87002E1105 /* AppDelegate.swift in Sources */ = {isa = PBXBuildFile; fileRef = C08724522426AD87002E1105 /* AppDelegate.swift */; };
		C08724552426AD87002E1105 /* SceneDelegate.swift in Sources */ = {isa = PBXBuildFile; fileRef = C08724542426AD87002E1105 /* SceneDelegate.swift */; };
		C08724572426AD87002E1105 /* ViewController.swift in Sources */ = {isa = PBXBuildFile; fileRef = C08724562426AD87002E1105 /* ViewController.swift */; };
		C087245A2426AD87002E1105 /* Main.storyboard in Resources */ = {isa = PBXBuildFile; fileRef = C08724582426AD87002E1105 /* Main.storyboard */; };
		C087245C2426AD89002E1105 /* Assets.xcassets in Resources */ = {isa = PBXBuildFile; fileRef = C087245B2426AD89002E1105 /* Assets.xcassets */; };
		C087245F2426AD89002E1105 /* LaunchScreen.storyboard in Resources */ = {isa = PBXBuildFile; fileRef = C087245D2426AD89002E1105 /* LaunchScreen.storyboard */; };
		C08724692426AEF6002E1105 /* HealthKit.framework in Frameworks */ = {isa = PBXBuildFile; fileRef = C08724682426AEF6002E1105 /* HealthKit.framework */; };
/* End PBXBuildFile section */

/* Begin PBXFileReference section */
		C087244F2426AD87002E1105 /* HealthKitLearning.app */ = {isa = PBXFileReference; explicitFileType = wrapper.application; includeInIndex = 0; path = HealthKitLearning.app; sourceTree = BUILT_PRODUCTS_DIR; };
		C08724522426AD87002E1105 /* AppDelegate.swift */ = {isa = PBXFileReference; lastKnownFileType = sourcecode.swift; path = AppDelegate.swift; sourceTree = "<group>"; };
		C08724542426AD87002E1105 /* SceneDelegate.swift */ = {isa = PBXFileReference; lastKnownFileType = sourcecode.swift; path = SceneDelegate.swift; sourceTree = "<group>"; };
		C08724562426AD87002E1105 /* ViewController.swift */ = {isa = PBXFileReference; lastKnownFileType = sourcecode.swift; path = ViewController.swift; sourceTree = "<group>"; };
		C08724592426AD87002E1105 /* Base */ = {isa = PBXFileReference; lastKnownFileType = file.storyboard; name = Base; path = Base.lproj/Main.storyboard; sourceTree = "<group>"; };
		C087245B2426AD89002E1105 /* Assets.xcassets */ = {isa = PBXFileReference; lastKnownFileType = folder.assetcatalog; path = Assets.xcassets; sourceTree = "<group>"; };
		C087245E2426AD89002E1105 /* Base */ = {isa = PBXFileReference; lastKnownFileType = file.storyboard; name = Base; path = Base.lproj/LaunchScreen.storyboard; sourceTree = "<group>"; };
		C08724602426AD89002E1105 /* Info.plist */ = {isa = PBXFileReference; lastKnownFileType = text.plist.xml; path = Info.plist; sourceTree = "<group>"; };
		C08724662426AEF6002E1105 /* HealthKitLearning.entitlements */ = {isa = PBXFileReference; lastKnownFileType = text.plist.entitlements; path = HealthKitLearning.entitlements; sourceTree = "<group>"; };
		C08724682426AEF6002E1105 /* HealthKit.framework */ = {isa = PBXFileReference; lastKnownFileType = wrapper.framework; name = HealthKit.framework; path = System/Library/Frameworks/HealthKit.framework; sourceTree = SDKROOT; };
/* End PBXFileReference section */

/* Begin PBXFrameworksBuildPhase section */
		C087244C2426AD87002E1105 /* Frameworks */ = {
			isa = PBXFrameworksBuildPhase;
			buildActionMask = 2147483647;
			files = (
				C08724692426AEF6002E1105 /* HealthKit.framework in Frameworks */,
			);
			runOnlyForDeploymentPostprocessing = 0;
		};
/* End PBXFrameworksBuildPhase section */

/* Begin PBXGroup section */
		C08724462426AD87002E1105 = {
			isa = PBXGroup;
			children = (
				C08724512426AD87002E1105 /* HealthKitLearning */,
				C08724502426AD87002E1105 /* Products */,
				C08724672426AEF6002E1105 /* Frameworks */,
			);
			sourceTree = "<group>";
		};
		C08724502426AD87002E1105 /* Products */ = {
			isa = PBXGroup;
			children = (
				C087244F2426AD87002E1105 /* HealthKitLearning.app */,
			);
			name = Products;
			sourceTree = "<group>";
		};
		C08724512426AD87002E1105 /* HealthKitLearning */ = {
			isa = PBXGroup;
			children = (
				C08724662426AEF6002E1105 /* HealthKitLearning.entitlements */,
				C08724522426AD87002E1105 /* AppDelegate.swift */,
				C08724542426AD87002E1105 /* SceneDelegate.swift */,
				C08724562426AD87002E1105 /* ViewController.swift */,
				C08724582426AD87002E1105 /* Main.storyboard */,
				C087245B2426AD89002E1105 /* Assets.xcassets */,
				C087245D2426AD89002E1105 /* LaunchScreen.storyboard */,
				C08724602426AD89002E1105 /* Info.plist */,
			);
			path = HealthKitLearning;
			sourceTree = "<group>";
		};
		C08724672426AEF6002E1105 /* Frameworks */ = {
			isa = PBXGroup;
			children = (
				C08724682426AEF6002E1105 /* HealthKit.framework */,
			);
			name = Frameworks;
			sourceTree = "<group>";
		};
/* End PBXGroup section */

/* Begin PBXNativeTarget section */
		C087244E2426AD87002E1105 /* HealthKitLearning */ = {
			isa = PBXNativeTarget;
			buildConfigurationList = C08724632426AD89002E1105 /* Build configuration list for PBXNativeTarget "HealthKitLearning" */;
			buildPhases = (
				C087244B2426AD87002E1105 /* Sources */,
				C087244C2426AD87002E1105 /* Frameworks */,
				C087244D2426AD87002E1105 /* Resources */,
			);
			buildRules = (
			);
			dependencies = (
			);
			name = HealthKitLearning;
			productName = HealthKitLearning;
			productReference = C087244F2426AD87002E1105 /* HealthKitLearning.app */;
			productType = "com.apple.product-type.application";
		};
/* End PBXNativeTarget section */

/* Begin PBXProject section */
		C08724472426AD87002E1105 /* Project object */ = {
			isa = PBXProject;
			attributes = {
				LastSwiftUpdateCheck = 1130;
				LastUpgradeCheck = 1130;
				ORGANIZATIONNAME = morse;
				TargetAttributes = {
					C087244E2426AD87002E1105 = {
						CreatedOnToolsVersion = 11.3.1;
					};
				};
			};
			buildConfigurationList = C087244A2426AD87002E1105 /* Build configuration list for PBXProject "HealthKitLearning" */;
			compatibilityVersion = "Xcode 9.3";
			developmentRegion = en;
			hasScannedForEncodings = 0;
			knownRegions = (
				en,
				Base,
			);
			mainGroup = C08724462426AD87002E1105;
			productRefGroup = C08724502426AD87002E1105 /* Products */;
			projectDirPath = "";
			projectRoot = "";
			targets = (
				C087244E2426AD87002E1105 /* HealthKitLearning */,
			);
		};
/* End PBXProject section */

/* Begin PBXResourcesBuildPhase section */
		C087244D2426AD87002E1105 /* Resources */ = {
			isa = PBXResourcesBuildPhase;
			buildActionMask = 2147483647;
			files = (
				C087245F2426AD89002E1105 /* LaunchScreen.storyboard in Resources */,
				C087245C2426AD89002E1105 /* Assets.xcassets in Resources */,
				C087245A2426AD87002E1105 /* Main.storyboard in Resources */,
			);
			runOnlyForDeploymentPostprocessing = 0;
		};
/* End PBXResourcesBuildPhase section */

/* Begin PBXSourcesBuildPhase section */
		C087244B2426AD87002E1105 /* Sources */ = {
			isa = PBXSourcesBuildPhase;
			buildActionMask = 2147483647;
			files = (
				C08724572426AD87002E1105 /* ViewController.swift in Sources */,
				C08724532426AD87002E1105 /* AppDelegate.swift in Sources */,
				C08724552426AD87002E1105 /* SceneDelegate.swift in Sources */,
			);
			runOnlyForDeploymentPostprocessing = 0;
		};
/* End PBXSourcesBuildPhase section */

/* Begin PBXVariantGroup section */
		C08724582426AD87002E1105 /* Main.storyboard */ = {
			isa = PBXVariantGroup;
			children = (
				C08724592426AD87002E1105 /* Base */,
			);
			name = Main.storyboard;
			sourceTree = "<group>";
		};
		C087245D2426AD89002E1105 /* LaunchScreen.storyboard */ = {
			isa = PBXVariantGroup;
			children = (
				C087245E2426AD89002E1105 /* Base */,
			);
			name = LaunchScreen.storyboard;
			sourceTree = "<group>";
		};
/* End PBXVariantGroup section */

/* Begin XCBuildConfiguration section */
		C08724612426AD89002E1105 /* Debug */ = {
			isa = XCBuildConfiguration;
			buildSettings = {
				ALWAYS_SEARCH_USER_PATHS = NO;
				CLANG_ANALYZER_NONNULL = YES;
				CLANG_ANALYZER_NUMBER_OBJECT_CONVERSION = YES_AGGRESSIVE;
				CLANG_CXX_LANGUAGE_STANDARD = "gnu++14";
				CLANG_CXX_LIBRARY = "libc++";
				CLANG_ENABLE_MODULES = YES;
				CLANG_ENABLE_OBJC_ARC = YES;
				CLANG_ENABLE_OBJC_WEAK = YES;
				CLANG_WARN_BLOCK_CAPTURE_AUTORELEASING = YES;
				CLANG_WARN_BOOL_CONVERSION = YES;
				CLANG_WARN_COMMA = YES;
				CLANG_WARN_CONSTANT_CONVERSION = YES;
				CLANG_WARN_DEPRECATED_OBJC_IMPLEMENTATIONS = YES;
				CLANG_WARN_DIRECT_OBJC_ISA_USAGE = YES_ERROR;
				CLANG_WARN_DOCUMENTATION_COMMENTS = YES;
				CLANG_WARN_EMPTY_BODY = YES;
				CLANG_WARN_ENUM_CONVERSION = YES;
				CLANG_WARN_INFINITE_RECURSION = YES;
				CLANG_WARN_INT_CONVERSION = YES;
				CLANG_WARN_NON_LITERAL_NULL_CONVERSION = YES;
				CLANG_WARN_OBJC_IMPLICIT_RETAIN_SELF = YES;
				CLANG_WARN_OBJC_LITERAL_CONVERSION = YES;
				CLANG_WARN_OBJC_ROOT_CLASS = YES_ERROR;
				CLANG_WARN_RANGE_LOOP_ANALYSIS = YES;
				CLANG_WARN_STRICT_PROTOTYPES = YES;
				CLANG_WARN_SUSPICIOUS_MOVE = YES;
				CLANG_WARN_UNGUARDED_AVAILABILITY = YES_AGGRESSIVE;
				CLANG_WARN_UNREACHABLE_CODE = YES;
				CLANG_WARN__DUPLICATE_METHOD_MATCH = YES;
				COPY_PHASE_STRIP = NO;
				DEBUG_INFORMATION_FORMAT = dwarf;
				ENABLE_STRICT_OBJC_MSGSEND = YES;
				ENABLE_TESTABILITY = YES;
				GCC_C_LANGUAGE_STANDARD = gnu11;
				GCC_DYNAMIC_NO_PIC = NO;
				GCC_NO_COMMON_BLOCKS = YES;
				GCC_OPTIMIZATION_LEVEL = 0;
				GCC_PREPROCESSOR_DEFINITIONS = (
					"DEBUG=1",
					"$(inherited)",
				);
				GCC_WARN_64_TO_32_BIT_CONVERSION = YES;
				GCC_WARN_ABOUT_RETURN_TYPE = YES_ERROR;
				GCC_WARN_UNDECLARED_SELECTOR = YES;
				GCC_WARN_UNINITIALIZED_AUTOS = YES_AGGRESSIVE;
				GCC_WARN_UNUSED_FUNCTION = YES;
				GCC_WARN_UNUSED_VARIABLE = YES;
				IPHONEOS_DEPLOYMENT_TARGET = 13.2;
				MTL_ENABLE_DEBUG_INFO = INCLUDE_SOURCE;
				MTL_FAST_MATH = YES;
				ONLY_ACTIVE_ARCH = YES;
				SDKROOT = iphoneos;
				SWIFT_ACTIVE_COMPILATION_CONDITIONS = DEBUG;
				SWIFT_OPTIMIZATION_LEVEL = "-Onone";
			};
			name = Debug;
		};
		C08724622426AD89002E1105 /* Release */ = {
			isa = XCBuildConfiguration;
			buildSettings = {
				ALWAYS_SEARCH_USER_PATHS = NO;
				CLANG_ANALYZER_NONNULL = YES;
				CLANG_ANALYZER_NUMBER_OBJECT_CONVERSION = YES_AGGRESSIVE;
				CLANG_CXX_LANGUAGE_STANDARD = "gnu++14";
				CLANG_CXX_LIBRARY = "libc++";
				CLANG_ENABLE_MODULES = YES;
				CLANG_ENABLE_OBJC_ARC = YES;
				CLANG_ENABLE_OBJC_WEAK = YES;
				CLANG_WARN_BLOCK_CAPTURE_AUTORELEASING = YES;
				CLANG_WARN_BOOL_CONVERSION = YES;
				CLANG_WARN_COMMA = YES;
				CLANG_WARN_CONSTANT_CONVERSION = YES;
				CLANG_WARN_DEPRECATED_OBJC_IMPLEMENTATIONS = YES;
				CLANG_WARN_DIRECT_OBJC_ISA_USAGE = YES_ERROR;
				CLANG_WARN_DOCUMENTATION_COMMENTS = YES;
				CLANG_WARN_EMPTY_BODY = YES;
				CLANG_WARN_ENUM_CONVERSION = YES;
				CLANG_WARN_INFINITE_RECURSION = YES;
				CLANG_WARN_INT_CONVERSION = YES;
				CLANG_WARN_NON_LITERAL_NULL_CONVERSION = YES;
				CLANG_WARN_OBJC_IMPLICIT_RETAIN_SELF = YES;
				CLANG_WARN_OBJC_LITERAL_CONVERSION = YES;
				CLANG_WARN_OBJC_ROOT_CLASS = YES_ERROR;
				CLANG_WARN_RANGE_LOOP_ANALYSIS = YES;
				CLANG_WARN_STRICT_PROTOTYPES = YES;
				CLANG_WARN_SUSPICIOUS_MOVE = YES;
				CLANG_WARN_UNGUARDED_AVAILABILITY = YES_AGGRESSIVE;
				CLANG_WARN_UNREACHABLE_CODE = YES;
				CLANG_WARN__DUPLICATE_METHOD_MATCH = YES;
				COPY_PHASE_STRIP = NO;
				DEBUG_INFORMATION_FORMAT = "dwarf-with-dsym";
				ENABLE_NS_ASSERTIONS = NO;
				ENABLE_STRICT_OBJC_MSGSEND = YES;
				GCC_C_LANGUAGE_STANDARD = gnu11;
				GCC_NO_COMMON_BLOCKS = YES;
				GCC_WARN_64_TO_32_BIT_CONVERSION = YES;
				GCC_WARN_ABOUT_RETURN_TYPE = YES_ERROR;
				GCC_WARN_UNDECLARED_SELECTOR = YES;
				GCC_WARN_UNINITIALIZED_AUTOS = YES_AGGRESSIVE;
				GCC_WARN_UNUSED_FUNCTION = YES;
				GCC_WARN_UNUSED_VARIABLE = YES;
				IPHONEOS_DEPLOYMENT_TARGET = 13.2;
				MTL_ENABLE_DEBUG_INFO = NO;
				MTL_FAST_MATH = YES;
				SDKROOT = iphoneos;
				SWIFT_COMPILATION_MODE = wholemodule;
				SWIFT_OPTIMIZATION_LEVEL = "-O";
				VALIDATE_PRODUCT = YES;
			};
			name = Release;
		};
		C08724642426AD89002E1105 /* Debug */ = {
			isa = XCBuildConfiguration;
			buildSettings = {
				ASSETCATALOG_COMPILER_APPICON_NAME = AppIcon;
				CODE_SIGN_ENTITLEMENTS = HealthKitLearning/HealthKitLearning.entitlements;
				CODE_SIGN_STYLE = Automatic;
				DEVELOPMENT_TEAM = 452VS5LHDK;
				INFOPLIST_FILE = HealthKitLearning/Info.plist;
				LD_RUNPATH_SEARCH_PATHS = (
					"$(inherited)",
					"@executable_path/Frameworks",
				);
				PRODUCT_BUNDLE_IDENTIFIER = git.HealthKitLearning;
				PRODUCT_NAME = "$(TARGET_NAME)";
				SWIFT_VERSION = 5.0;
				TARGETED_DEVICE_FAMILY = "1,2";
			};
			name = Debug;
		};
		C08724652426AD89002E1105 /* Release */ = {
			isa = XCBuildConfiguration;
			buildSettings = {
				ASSETCATALOG_COMPILER_APPICON_NAME = AppIcon;
				CODE_SIGN_ENTITLEMENTS = HealthKitLearning/HealthKitLearning.entitlements;
				CODE_SIGN_STYLE = Automatic;
				DEVELOPMENT_TEAM = 452VS5LHDK;
				INFOPLIST_FILE = HealthKitLearning/Info.plist;
				LD_RUNPATH_SEARCH_PATHS = (
					"$(inherited)",
					"@executable_path/Frameworks",
				);
				PRODUCT_BUNDLE_IDENTIFIER = git.HealthKitLearning;
				PRODUCT_NAME = "$(TARGET_NAME)";
				SWIFT_VERSION = 5.0;
				TARGETED_DEVICE_FAMILY = "1,2";
			};
			name = Release;
		};
/* End XCBuildConfiguration section */

/* Begin XCConfigurationList section */
		C087244A2426AD87002E1105 /* Build configuration list for PBXProject "HealthKitLearning" */ = {
			isa = XCConfigurationList;
			buildConfigurations = (
				C08724612426AD89002E1105 /* Debug */,
				C08724622426AD89002E1105 /* Release */,
			);
			defaultConfigurationIsVisible = 0;
			defaultConfigurationName = Release;
		};
		C08724632426AD89002E1105 /* Build configuration list for PBXNativeTarget "HealthKitLearning" */ = {
			isa = XCConfigurationList;
			buildConfigurations = (
				C08724642426AD89002E1105 /* Debug */,
				C08724652426AD89002E1105 /* Release */,
			);
			defaultConfigurationIsVisible = 0;
			defaultConfigurationName = Release;
		};
/* End XCConfigurationList section */
	};
	rootObject = C08724472426AD87002E1105 /* Project object */;
}
